# THIS IS AN AUTOGENERATED FILE. DO NOT EDIT THIS FILE DIRECTLY.
# yarn lockfile v1


swagger-ui-dist@>=5.0.0:
  version "5.9.0"
  resolved "https://registry.yarnpkg.com/swagger-ui-dist/-/swagger-ui-dist-5.9.0.tgz#d52b6cf52fd0a8e6930866c402aaa793fe4e3f76"
  integrity sha512-NUHSYoe5XRTk/Are8jPJ6phzBh3l9l33nEyXosM17QInoV95/jng8+PuSGtbD407QoPf93MH3Bkh773OgesJpA==

swagger-ui-express@^5.0.0:
  version "5.0.0"
  resolved "https://registry.yarnpkg.com/swagger-ui-express/-/swagger-ui-express-5.0.0.tgz#7a00a18dd909574cb0d628574a299b9ba53d4d49"
  integrity sha512-tsU9tODVvhyfkNSvf03E6FAk+z+5cU3lXAzMy6Pv4av2Gt2xA0++fogwC4qo19XuFf6hdxevPuVCSKFuMHJhFA==
  dependencies:
    swagger-ui-dist ">=5.0.0"
